
Microsoft Visual Studio Solution File, Format Version 12.00
# Visual Studio Version 16
VisualStudioVersion = 16.0.29728.190
MinimumVisualStudioVersion = 10.0.40219.1
Project("{FAE04EC0-301F-11D3-BF4B-00C04F79EFBC}") = "PE.GOB.FSD.BusinessLogic", "..\fsd2\SBS.UIF.CONTRALAFT.BusinessLogic\PE.GOB.FSD.BusinessLogic.csproj", "{953DF26A-8370-49B6-890C-B2C757F96384}"
EndProject
Project("{FAE04EC0-301F-11D3-BF4B-00C04F79EFBC}") = "PE.GOB.FSD.DataAccess", "..\fsd2\SBS.UIF.CONTRALAFT.DataAccess\PE.GOB.FSD.DataAccess.csproj", "{F7875E67-05B8-4203-B013-E24EE599851B}"
EndProject
Project("{FAE04EC0-301F-11D3-BF4B-00C04F79EFBC}") = "PE.GOB.FSD.Entity", "..\fsd2\SBS.UIF.CONTRALAFT.Entity\PE.GOB.FSD.Entity.csproj", "{CF2D6DF6-C1F7-4DD7-B023-B1A55B5D3BE3}"
EndProject
Project("{FAE04EC0-301F-11D3-BF4B-00C04F79EFBC}") = "PE.GOB.FSD.Web", "..\fsd2\SBS.UIF.CONTRALAFT.Web\PE.GOB.FSD.Web.csproj", "{5992A5C6-F72E-4EF3-8BAE-A599DB5A6740}"
EndProject
Global
	GlobalSection(SolutionConfigurationPlatforms) = preSolution
		Debug|Any CPU = Debug|Any CPU
		Debug|x64 = Debug|x64
		Debug|x86 = Debug|x86
		Release|Any CPU = Release|Any CPU
		Release|x64 = Release|x64
		Release|x86 = Release|x86
	EndGlobalSection
	GlobalSection(ProjectConfigurationPlatforms) = postSolution
		{953DF26A-8370-49B6-890C-B2C757F96384}.Debug|Any CPU.ActiveCfg = Debug|Any CPU
		{953DF26A-8370-49B6-890C-B2C757F96384}.Debug|Any CPU.Build.0 = Debug|Any CPU
		{953DF26A-8370-49B6-890C-B2C757F96384}.Debug|x64.ActiveCfg = Debug|x64
		{953DF26A-8370-49B6-890C-B2C757F96384}.Debug|x64.Build.0 = Debug|x64
		{953DF26A-8370-49B6-890C-B2C757F96384}.Debug|x86.ActiveCfg = Debug|x86
		{953DF26A-8370-49B6-890C-B2C757F96384}.Debug|x86.Build.0 = Debug|x86
		{953DF26A-8370-49B6-890C-B2C757F96384}.Release|Any CPU.ActiveCfg = Release|Any CPU
		{953DF26A-8370-49B6-890C-B2C757F96384}.Release|Any CPU.Build.0 = Release|Any CPU
		{953DF26A-8370-49B6-890C-B2C757F96384}.Release|x64.ActiveCfg = Release|x64
		{953DF26A-8370-49B6-890C-B2C757F96384}.Release|x64.Build.0 = Release|x64
		{953DF26A-8370-49B6-890C-B2C757F96384}.Release|x86.ActiveCfg = Release|x86
		{953DF26A-8370-49B6-890C-B2C757F96384}.Release|x86.Build.0 = Release|x86
		{F7875E67-05B8-4203-B013-E24EE599851B}.Debug|Any CPU.ActiveCfg = Debug|Any CPU
		{F7875E67-05B8-4203-B013-E24EE599851B}.Debug|Any CPU.Build.0 = Debug|Any CPU
		{F7875E67-05B8-4203-B013-E24EE599851B}.Debug|x64.ActiveCfg = Debug|x64
		{F7875E67-05B8-4203-B013-E24EE599851B}.Debug|x64.Build.0 = Debug|x64
		{F7875E67-05B8-4203-B013-E24EE599851B}.Debug|x86.ActiveCfg = Debug|x86
		{F7875E67-05B8-4203-B013-E24EE599851B}.Debug|x86.Build.0 = Debug|x86
		{F7875E67-05B8-4203-B013-E24EE599851B}.Release|Any CPU.ActiveCfg = Release|Any CPU
		{F7875E67-05B8-4203-B013-E24EE599851B}.Release|Any CPU.Build.0 = Release|Any CPU
		{F7875E67-05B8-4203-B013-E24EE599851B}.Release|x64.ActiveCfg = Release|x64
		{F7875E67-05B8-4203-B013-E24EE599851B}.Release|x64.Build.0 = Release|x64
		{F7875E67-05B8-4203-B013-E24EE599851B}.Release|x86.ActiveCfg = Release|x86
		{F7875E67-05B8-4203-B013-E24EE599851B}.Release|x86.Build.0 = Release|x86
		{CF2D6DF6-C1F7-4DD7-B023-B1A55B5D3BE3}.Debug|Any CPU.ActiveCfg = Debug|Any CPU
		{CF2D6DF6-C1F7-4DD7-B023-B1A55B5D3BE3}.Debug|Any CPU.Build.0 = Debug|Any CPU
		{CF2D6DF6-C1F7-4DD7-B023-B1A55B5D3BE3}.Debug|x64.ActiveCfg = Debug|x64
		{CF2D6DF6-C1F7-4DD7-B023-B1A55B5D3BE3}.Debug|x64.Build.0 = Debug|x64
		{CF2D6DF6-C1F7-4DD7-B023-B1A55B5D3BE3}.Debug|x86.ActiveCfg = Debug|x86
		{CF2D6DF6-C1F7-4DD7-B023-B1A55B5D3BE3}.Debug|x86.Build.0 = Debug|x86
		{CF2D6DF6-C1F7-4DD7-B023-B1A55B5D3BE3}.Release|Any CPU.ActiveCfg = Release|Any CPU
		{CF2D6DF6-C1F7-4DD7-B023-B1A55B5D3BE3}.Release|Any CPU.Build.0 = Release|Any CPU
		{CF2D6DF6-C1F7-4DD7-B023-B1A55B5D3BE3}.Release|x64.ActiveCfg = Release|x64
		{CF2D6DF6-C1F7-4DD7-B023-B1A55B5D3BE3}.Release|x64.Build.0 = Release|x64
		{CF2D6DF6-C1F7-4DD7-B023-B1A55B5D3BE3}.Release|x86.ActiveCfg = Release|x86
		{CF2D6DF6-C1F7-4DD7-B023-B1A55B5D3BE3}.Release|x86.Build.0 = Release|x86
		{5992A5C6-F72E-4EF3-8BAE-A599DB5A6740}.Debug|Any CPU.ActiveCfg = Debug|Any CPU
		{5992A5C6-F72E-4EF3-8BAE-A599DB5A6740}.Debug|Any CPU.Build.0 = Debug|Any CPU
		{5992A5C6-F72E-4EF3-8BAE-A599DB5A6740}.Debug|x64.ActiveCfg = Debug|x64
		{5992A5C6-F72E-4EF3-8BAE-A599DB5A6740}.Debug|x64.Build.0 = Debug|x64
		{5992A5C6-F72E-4EF3-8BAE-A599DB5A6740}.Debug|x86.ActiveCfg = Debug|x86
		{5992A5C6-F72E-4EF3-8BAE-A599DB5A6740}.Debug|x86.Build.0 = Debug|x86
		{5992A5C6-F72E-4EF3-8BAE-A599DB5A6740}.Release|Any CPU.ActiveCfg = Release|Any CPU
		{5992A5C6-F72E-4EF3-8BAE-A599DB5A6740}.Release|Any CPU.Build.0 = Release|Any CPU
		{5992A5C6-F72E-4EF3-8BAE-A599DB5A6740}.Release|x64.ActiveCfg = Release|x64
		{5992A5C6-F72E-4EF3-8BAE-A599DB5A6740}.Release|x64.Build.0 = Release|x64
		{5992A5C6-F72E-4EF3-8BAE-A599DB5A6740}.Release|x86.ActiveCfg = Release|x86
		{5992A5C6-F72E-4EF3-8BAE-A599DB5A6740}.Release|x86.Build.0 = Release|x86
	EndGlobalSection
	GlobalSection(SolutionProperties) = preSolution
		HideSolutionNode = FALSE
	EndGlobalSection
	GlobalSection(ExtensibilityGlobals) = postSolution
		SolutionGuid = {A36DAB8A-912B-4C19-B918-768E9AA8A2B0}
	EndGlobalSection
EndGlobal
